
Microsoft Visual Studio Solution File, Format Version 12.00
# Visual Studio Version 16
VisualStudioVersion = 16.0.29728.190
MinimumVisualStudioVersion = 10.0.40219.1
Project("{FAE04EC0-301F-11D3-BF4B-00C04F79EFBC}") = "ConsoleApp1", "ConsoleApp1\ConsoleApp1.csproj", "{762C738A-50D0-489E-9E70-411D4B873720}"
EndProject
Global
	GlobalSection(SolutionConfigurationPlatforms) = preSolution
		Debug|Any CPU = Debug|Any CPU
		Release|Any CPU = Release|Any CPU
	EndGlobalSection
	GlobalSection(ProjectConfigurationPlatforms) = postSolution
		{762C738A-50D0-489E-9E70-411D4B873720}.Debug|Any CPU.ActiveCfg = Debug|Any CPU
		{762C738A-50D0-489E-9E70-411D4B873720}.Debug|Any CPU.Build.0 = Debug|Any CPU
		{762C738A-50D0-489E-9E70-411D4B873720}.Release|Any CPU.ActiveCfg = Release|Any CPU
		{762C738A-50D0-489E-9E70-411D4B873720}.Release|Any CPU.Build.0 = Release|Any CPU
	EndGlobalSection
	GlobalSection(SolutionProperties) = preSolution
		HideSolutionNode = FALSE
	EndGlobalSection
	GlobalSection(ExtensibilityGlobals) = postSolution
		SolutionGuid = {542EE8B0-3FA5-45A7-AD67-EB151F6A7384}
	EndGlobalSection
EndGlobal
